
Microsoft Visual Studio Solution File, Format Version 12.00
# Visual Studio Version 16
VisualStudioVersion = 16.0.31515.178
MinimumVisualStudioVersion = 10.0.40219.1
Project("{FAE04EC0-301F-11D3-BF4B-00C04F79EFBC}") = "SpecFlowProject7", "SpecFlowProject7\SpecFlowProject7.csproj", "{75BE4D8F-1BCC-4A83-B2C2-84B5EBABCC72}"
EndProject
Global
	GlobalSection(SolutionConfigurationPlatforms) = preSolution
		Debug|Any CPU = Debug|Any CPU
		Release|Any CPU = Release|Any CPU
	EndGlobalSection
	GlobalSection(ProjectConfigurationPlatforms) = postSolution
		{75BE4D8F-1BCC-4A83-B2C2-84B5EBABCC72}.Debug|Any CPU.ActiveCfg = Debug|Any CPU
		{75BE4D8F-1BCC-4A83-B2C2-84B5EBABCC72}.Debug|Any CPU.Build.0 = Debug|Any CPU
		{75BE4D8F-1BCC-4A83-B2C2-84B5EBABCC72}.Release|Any CPU.ActiveCfg = Release|Any CPU
		{75BE4D8F-1BCC-4A83-B2C2-84B5EBABCC72}.Release|Any CPU.Build.0 = Release|Any CPU
	EndGlobalSection
	GlobalSection(SolutionProperties) = preSolution
		HideSolutionNode = FALSE
	EndGlobalSection
	GlobalSection(ExtensibilityGlobals) = postSolution
		SolutionGuid = {1B969045-4518-411F-A908-482721BEC1B2}
	EndGlobalSection
EndGlobal
